
Microsoft Visual Studio Solution File, Format Version 11.00
# Visual Studio 2010
Project("{8BC9CEB8-8B4A-11D0-8D11-00A0C91BC942}") = "ZRSoftware", "ZRSoftware\ZRSoftware.vcxproj", "{7D694B0F-6148-44DC-A16D-D4265C8A3CDF}"
	ProjectSection(ProjectDependencies) = postProject
		{ED694C0D-A6A3-446E-8C2F-D98C5A58C0B7} = {ED694C0D-A6A3-446E-8C2F-D98C5A58C0B7}
		{CFB2ACA4-BFF8-4336-A990-1BDC1275B3C4} = {CFB2ACA4-BFF8-4336-A990-1BDC1275B3C4}
		{39ABBBFC-AB7B-4656-A7D4-0532AAF772C8} = {39ABBBFC-AB7B-4656-A7D4-0532AAF772C8}
	EndProjectSection
EndProject
Project("{8BC9CEB8-8B4A-11D0-8D11-00A0C91BC942}") = "SSM", "SSM\SSM.vcxproj", "{CFB2ACA4-BFF8-4336-A990-1BDC1275B3C4}"
	ProjectSection(ProjectDependencies) = postProject
		{E4890742-5833-4EC6-B36B-A7C3783F6F6A} = {E4890742-5833-4EC6-B36B-A7C3783F6F6A}
		{39ABBBFC-AB7B-4656-A7D4-0532AAF772C8} = {39ABBBFC-AB7B-4656-A7D4-0532AAF772C8}
	EndProjectSection
EndProject
Project("{8BC9CEB8-8B4A-11D0-8D11-00A0C91BC942}") = "SSMtest", "SSMtest\SSMtest.vcxproj", "{87ED2901-2089-4633-9156-B5B774BE23C4}"
	ProjectSection(ProjectDependencies) = postProject
		{CFB2ACA4-BFF8-4336-A990-1BDC1275B3C4} = {CFB2ACA4-BFF8-4336-A990-1BDC1275B3C4}
		{39ABBBFC-AB7B-4656-A7D4-0532AAF772C8} = {39ABBBFC-AB7B-4656-A7D4-0532AAF772C8}
	EndProjectSection
EndProject
Project("{8BC9CEB8-8B4A-11D0-8D11-00A0C91BC942}") = "STG010001", "STG010001\STG010001.vcxproj", "{E66DC02D-22C9-4E7D-95CC-6E9B6E4EACCA}"
	ProjectSection(ProjectDependencies) = postProject
		{CFB2ACA4-BFF8-4336-A990-1BDC1275B3C4} = {CFB2ACA4-BFF8-4336-A990-1BDC1275B3C4}
		{39ABBBFC-AB7B-4656-A7D4-0532AAF772C8} = {39ABBBFC-AB7B-4656-A7D4-0532AAF772C8}
	EndProjectSection
EndProject
Project("{8BC9CEB8-8B4A-11D0-8D11-00A0C91BC942}") = "STG010001test", "STG010001test\STG010001test.vcxproj", "{2CADDD71-3069-405B-9B2D-0869E46BD969}"
	ProjectSection(ProjectDependencies) = postProject
		{E66DC02D-22C9-4E7D-95CC-6E9B6E4EACCA} = {E66DC02D-22C9-4E7D-95CC-6E9B6E4EACCA}
		{E4890742-5833-4EC6-B36B-A7C3783F6F6A} = {E4890742-5833-4EC6-B36B-A7C3783F6F6A}
		{CFB2ACA4-BFF8-4336-A990-1BDC1275B3C4} = {CFB2ACA4-BFF8-4336-A990-1BDC1275B3C4}
		{39ABBBFC-AB7B-4656-A7D4-0532AAF772C8} = {39ABBBFC-AB7B-4656-A7D4-0532AAF772C8}
	EndProjectSection
EndProject
Project("{8BC9CEB8-8B4A-11D0-8D11-00A0C91BC942}") = "COMM", "COMM\COMM.vcxproj", "{E4890742-5833-4EC6-B36B-A7C3783F6F6A}"
EndProject
Project("{8BC9CEB8-8B4A-11D0-8D11-00A0C91BC942}") = "TQM", "TQM\TQM.vcxproj", "{ED694C0D-A6A3-446E-8C2F-D98C5A58C0B7}"
	ProjectSection(ProjectDependencies) = postProject
		{E4890742-5833-4EC6-B36B-A7C3783F6F6A} = {E4890742-5833-4EC6-B36B-A7C3783F6F6A}
		{39ABBBFC-AB7B-4656-A7D4-0532AAF772C8} = {39ABBBFC-AB7B-4656-A7D4-0532AAF772C8}
	EndProjectSection
EndProject
Project("{8BC9CEB8-8B4A-11D0-8D11-00A0C91BC942}") = "CollectMarketData", "CollectMarketData\CollectMarketData.vcxproj", "{C0C9CAD3-77EA-4419-BF43-8095E777BBDC}"
	ProjectSection(ProjectDependencies) = postProject
		{ED694C0D-A6A3-446E-8C2F-D98C5A58C0B7} = {ED694C0D-A6A3-446E-8C2F-D98C5A58C0B7}
		{E4890742-5833-4EC6-B36B-A7C3783F6F6A} = {E4890742-5833-4EC6-B36B-A7C3783F6F6A}
		{39ABBBFC-AB7B-4656-A7D4-0532AAF772C8} = {39ABBBFC-AB7B-4656-A7D4-0532AAF772C8}
	EndProjectSection
EndProject
Project("{8BC9CEB8-8B4A-11D0-8D11-00A0C91BC942}") = "MyODBC", "MyODBC\MyODBC.vcxproj", "{39ABBBFC-AB7B-4656-A7D4-0532AAF772C8}"
EndProject
Global
	GlobalSection(SolutionConfigurationPlatforms) = preSolution
		Debug|Win32 = Debug|Win32
		Release|Win32 = Release|Win32
	EndGlobalSection
	GlobalSection(ProjectConfigurationPlatforms) = postSolution
		{7D694B0F-6148-44DC-A16D-D4265C8A3CDF}.Debug|Win32.ActiveCfg = Debug|Win32
		{7D694B0F-6148-44DC-A16D-D4265C8A3CDF}.Debug|Win32.Build.0 = Debug|Win32
		{7D694B0F-6148-44DC-A16D-D4265C8A3CDF}.Release|Win32.ActiveCfg = Release|Win32
		{7D694B0F-6148-44DC-A16D-D4265C8A3CDF}.Release|Win32.Build.0 = Release|Win32
		{CFB2ACA4-BFF8-4336-A990-1BDC1275B3C4}.Debug|Win32.ActiveCfg = Debug|Win32
		{CFB2ACA4-BFF8-4336-A990-1BDC1275B3C4}.Debug|Win32.Build.0 = Debug|Win32
		{CFB2ACA4-BFF8-4336-A990-1BDC1275B3C4}.Release|Win32.ActiveCfg = Release|Win32
		{CFB2ACA4-BFF8-4336-A990-1BDC1275B3C4}.Release|Win32.Build.0 = Release|Win32
		{87ED2901-2089-4633-9156-B5B774BE23C4}.Debug|Win32.ActiveCfg = Debug|Win32
		{87ED2901-2089-4633-9156-B5B774BE23C4}.Debug|Win32.Build.0 = Debug|Win32
		{87ED2901-2089-4633-9156-B5B774BE23C4}.Release|Win32.ActiveCfg = Release|Win32
		{87ED2901-2089-4633-9156-B5B774BE23C4}.Release|Win32.Build.0 = Release|Win32
		{E66DC02D-22C9-4E7D-95CC-6E9B6E4EACCA}.Debug|Win32.ActiveCfg = Debug|Win32
		{E66DC02D-22C9-4E7D-95CC-6E9B6E4EACCA}.Debug|Win32.Build.0 = Debug|Win32
		{E66DC02D-22C9-4E7D-95CC-6E9B6E4EACCA}.Release|Win32.ActiveCfg = Release|Win32
		{E66DC02D-22C9-4E7D-95CC-6E9B6E4EACCA}.Release|Win32.Build.0 = Release|Win32
		{2CADDD71-3069-405B-9B2D-0869E46BD969}.Debug|Win32.ActiveCfg = Debug|Win32
		{2CADDD71-3069-405B-9B2D-0869E46BD969}.Debug|Win32.Build.0 = Debug|Win32
		{2CADDD71-3069-405B-9B2D-0869E46BD969}.Release|Win32.ActiveCfg = Release|Win32
		{2CADDD71-3069-405B-9B2D-0869E46BD969}.Release|Win32.Build.0 = Release|Win32
		{E4890742-5833-4EC6-B36B-A7C3783F6F6A}.Debug|Win32.ActiveCfg = Debug|Win32
		{E4890742-5833-4EC6-B36B-A7C3783F6F6A}.Debug|Win32.Build.0 = Debug|Win32
		{E4890742-5833-4EC6-B36B-A7C3783F6F6A}.Release|Win32.ActiveCfg = Release|Win32
		{E4890742-5833-4EC6-B36B-A7C3783F6F6A}.Release|Win32.Build.0 = Release|Win32
		{ED694C0D-A6A3-446E-8C2F-D98C5A58C0B7}.Debug|Win32.ActiveCfg = Debug|Win32
		{ED694C0D-A6A3-446E-8C2F-D98C5A58C0B7}.Debug|Win32.Build.0 = Debug|Win32
		{ED694C0D-A6A3-446E-8C2F-D98C5A58C0B7}.Release|Win32.ActiveCfg = Release|Win32
		{ED694C0D-A6A3-446E-8C2F-D98C5A58C0B7}.Release|Win32.Build.0 = Release|Win32
		{C0C9CAD3-77EA-4419-BF43-8095E777BBDC}.Debug|Win32.ActiveCfg = Debug|Win32
		{C0C9CAD3-77EA-4419-BF43-8095E777BBDC}.Debug|Win32.Build.0 = Debug|Win32
		{C0C9CAD3-77EA-4419-BF43-8095E777BBDC}.Release|Win32.ActiveCfg = Release|Win32
		{C0C9CAD3-77EA-4419-BF43-8095E777BBDC}.Release|Win32.Build.0 = Release|Win32
		{39ABBBFC-AB7B-4656-A7D4-0532AAF772C8}.Debug|Win32.ActiveCfg = Debug|Win32
		{39ABBBFC-AB7B-4656-A7D4-0532AAF772C8}.Debug|Win32.Build.0 = Debug|Win32
		{39ABBBFC-AB7B-4656-A7D4-0532AAF772C8}.Release|Win32.ActiveCfg = Release|Win32
		{39ABBBFC-AB7B-4656-A7D4-0532AAF772C8}.Release|Win32.Build.0 = Release|Win32
	EndGlobalSection
	GlobalSection(SolutionProperties) = preSolution
		HideSolutionNode = FALSE
	EndGlobalSection
EndGlobal
