<?xml version="1.0" encoding="UTF-8" standalone="yes" ?>
<CodeBlocks_project_file>
	<FileVersion major="1" minor="6" />
	<Project>
		<Option title="STG010001test" />
		<Option pch_mode="2" />
		<Option compiler="gcc" />
		<Build>
			<Target title="Debug">
				<Option output="bin/Debug/STG010001test" prefix_auto="1" extension_auto="1" />
				<Option object_output="obj/Debug/" />
				<Option type="1" />
				<Option compiler="gcc" />
				<Compiler>
					<Add option="-g" />
				</Compiler>
				<Linker>
					<Add library="/home/wukang/Documents/zr-cross/STG010001/bin/Debug/libSTG010001.so" />
					<Add library="/home/wukang/Documents/zr-cross/SSM/bin/Debug/SSM.so" />
					<Add library="/usr/lib/libmysqlclient.so" />
					<Add library="/home/wukang/Documents/zr-cross/COMM/bin/Debug/COMM.so" />
				</Linker>
			</Target>
			<Target title="Release">
				<Option output="../ZRApp/STG010001test" prefix_auto="1" extension_auto="1" />
				<Option object_output="obj/Release/" />
				<Option type="1" />
				<Option compiler="gcc" />
				<Compiler>
					<Add option="-O2" />
				</Compiler>
				<Linker>
					<Add option="-s" />
					<Add library="../ZRApp/lib/libSTG010001.so" />
					<Add library="../ZRApp/lib/SSM.so" />
					<Add library="../ZRApp/lib/COMM.so" />
					<Add library="/usr/lib/libmysqlclient.so" />
					<Add library="../ZRApp/lib/MyODBC.so" />
				</Linker>
			</Target>
			<Target title="amazon">
				<Option output="/ZRSoftware/ZRApp/STG010001test" prefix_auto="1" extension_auto="1" />
				<Option object_output="obj/Release/" />
				<Option type="1" />
				<Option compiler="gcc" />
				<Compiler>
					<Add option="-O2" />
				</Compiler>
				<Linker>
					<Add option="-s" />
					<Add library="/ZRSoftware/ZRApp/lib/STG010001.so" />
					<Add library="/ZRSoftware/ZRApp/lib/SSM.so" />
					<Add library="/ZRSoftware/ZRApp/lib/COMM.so" />
					<Add library="/usr/lib/libmysqlclient.so" />
					<Add library="/ZRSoftware/ZRApp/lib/MyODBC.so" />
				</Linker>
			</Target>
		</Build>
		<Compiler>
			<Add option="-Wall" />
			<Add option="-fexceptions" />
		</Compiler>
		<Unit filename="STG010001test.cpp" />
		<Extensions>
			<code_completion />
			<debugger />
		</Extensions>
	</Project>
</CodeBlocks_project_file>
